
Microsoft Visual Studio Solution File, Format Version 12.00
# Visual Studio Version 17
VisualStudioVersion = 17.8.34330.188
MinimumVisualStudioVersion = 10.0.40219.1
Project("{9A19103F-16F7-4668-BE54-9A1E7A4F7556}") = "AdminService", "AdminService\AdminService.csproj", "{7DAAB33E-B35A-41F5-90F3-F4F1C05BB51B}"
EndProject
Project("{9A19103F-16F7-4668-BE54-9A1E7A4F7556}") = "BussinessLogic", "BussinessLogic\BussinessLogic.csproj", "{BC6589E2-8352-440F-8C4E-85BCE08C2308}"
EndProject
Project("{9A19103F-16F7-4668-BE54-9A1E7A4F7556}") = "Data", "Data\Data.csproj", "{DB82D94D-DB39-4EC5-B188-930D7B45F07C}"
EndProject
Project("{9A19103F-16F7-4668-BE54-9A1E7A4F7556}") = "Shared", "Shared\Shared.csproj", "{2F73CD54-7207-4BDF-8B73-C8EADF1170D4}"
EndProject
Global
	GlobalSection(SolutionConfigurationPlatforms) = preSolution
		Debug|Any CPU = Debug|Any CPU
		Release|Any CPU = Release|Any CPU
	EndGlobalSection
	GlobalSection(ProjectConfigurationPlatforms) = postSolution
		{7DAAB33E-B35A-41F5-90F3-F4F1C05BB51B}.Debug|Any CPU.ActiveCfg = Debug|Any CPU
		{7DAAB33E-B35A-41F5-90F3-F4F1C05BB51B}.Debug|Any CPU.Build.0 = Debug|Any CPU
		{7DAAB33E-B35A-41F5-90F3-F4F1C05BB51B}.Release|Any CPU.ActiveCfg = Release|Any CPU
		{7DAAB33E-B35A-41F5-90F3-F4F1C05BB51B}.Release|Any CPU.Build.0 = Release|Any CPU
		{BC6589E2-8352-440F-8C4E-85BCE08C2308}.Debug|Any CPU.ActiveCfg = Debug|Any CPU
		{BC6589E2-8352-440F-8C4E-85BCE08C2308}.Debug|Any CPU.Build.0 = Debug|Any CPU
		{BC6589E2-8352-440F-8C4E-85BCE08C2308}.Release|Any CPU.ActiveCfg = Release|Any CPU
		{BC6589E2-8352-440F-8C4E-85BCE08C2308}.Release|Any CPU.Build.0 = Release|Any CPU
		{DB82D94D-DB39-4EC5-B188-930D7B45F07C}.Debug|Any CPU.ActiveCfg = Debug|Any CPU
		{DB82D94D-DB39-4EC5-B188-930D7B45F07C}.Debug|Any CPU.Build.0 = Debug|Any CPU
		{DB82D94D-DB39-4EC5-B188-930D7B45F07C}.Release|Any CPU.ActiveCfg = Release|Any CPU
		{DB82D94D-DB39-4EC5-B188-930D7B45F07C}.Release|Any CPU.Build.0 = Release|Any CPU
		{2F73CD54-7207-4BDF-8B73-C8EADF1170D4}.Debug|Any CPU.ActiveCfg = Debug|Any CPU
		{2F73CD54-7207-4BDF-8B73-C8EADF1170D4}.Debug|Any CPU.Build.0 = Debug|Any CPU
		{2F73CD54-7207-4BDF-8B73-C8EADF1170D4}.Release|Any CPU.ActiveCfg = Release|Any CPU
		{2F73CD54-7207-4BDF-8B73-C8EADF1170D4}.Release|Any CPU.Build.0 = Release|Any CPU
	EndGlobalSection
	GlobalSection(SolutionProperties) = preSolution
		HideSolutionNode = FALSE
	EndGlobalSection
	GlobalSection(ExtensibilityGlobals) = postSolution
		SolutionGuid = {C22D486D-7B8D-4A46-93E9-A4AABA80F5FC}
	EndGlobalSection
EndGlobal
